// !$*UTF8*$!
{
	archiveVersion = 1;
	classes = {
	};
	objectVersion = 46;
	objects = {

/* Begin PBXBuildFile section */
		00F9F8B04E611CD431E08429 /* copyWorldTests.swift in Sources */ = {isa = PBXBuildFile; fileRef = 9D45414C69A3703AD2C3D481 /* copyWorldTests.swift */; };
		09EC1C38681FCDEA5D6B7562 /* Cocoa.framework in Frameworks */ = {isa = PBXBuildFile; fileRef = 7EB727B113CFEA2A32E0CFCE /* Cocoa.framework */; };
		0AE8EE6FC1FCA919318AB2D9 /* Cocoa.framework in Frameworks */ = {isa = PBXBuildFile; fileRef = 7EB727B113CFEA2A32E0CFCE /* Cocoa.framework */; };
		26F42FAEDC50FD47F43D7236 /* LaunchAtLoginManager.swift in Sources */ = {isa = PBXBuildFile; fileRef = CA6305A3EE86C16DD765E885 /* LaunchAtLoginManager.swift */; };
		2D4CBEEC1E0BACDBDA843C0E /* ClipboardStorageTests.swift in Sources */ = {isa = PBXBuildFile; fileRef = 8AC28A05583E7A985FA236F3 /* ClipboardStorageTests.swift */; };
		327EF76D3AF8543AD7D4E969 /* ClipboardStorage.swift in Sources */ = {isa = PBXBuildFile; fileRef = 34F85FE710A4C6F39EF59949 /* ClipboardStorage.swift */; };
		33D454C2B66F9F5085F9A6AE /* ClipboardItem.swift in Sources */ = {isa = PBXBuildFile; fileRef = FC49BB4153E28FE72E1F862C /* ClipboardItem.swift */; };
		3690C672B2C8292C93E37A71 /* ClipboardHistoryStoreTests.swift in Sources */ = {isa = PBXBuildFile; fileRef = F74C7395A8CD6CE9AAD90A9E /* ClipboardHistoryStoreTests.swift */; };
		3D549C55320D096ADECB92CC /* ClipboardItemTests.swift in Sources */ = {isa = PBXBuildFile; fileRef = F00D590B800056055F0C9828 /* ClipboardItemTests.swift */; };
		55B83115E95E707C719EDEFF /* copyWorldApp.swift in Sources */ = {isa = PBXBuildFile; fileRef = F5BDB3CECC1081A74BD1DEAC /* copyWorldApp.swift */; };
		62CFC7D16576FF6F4763F1CE /* ClipboardContentType.swift in Sources */ = {isa = PBXBuildFile; fileRef = 7A3C84C24045726A36087C4A /* ClipboardContentType.swift */; };
		694650F97C3D69A760F1303E /* ClipboardHistoryStore.swift in Sources */ = {isa = PBXBuildFile; fileRef = D671BE90F6FC46CA35C4ECFE /* ClipboardHistoryStore.swift */; };
		74A9B8E2254C783F2861A15B /* MenuBarView.swift in Sources */ = {isa = PBXBuildFile; fileRef = FF047A19BF63CBF0228FE394 /* MenuBarView.swift */; };
		8B130465DA547A8B0AA5E8DE /* AppState.swift in Sources */ = {isa = PBXBuildFile; fileRef = 646FDA11861D26B43519ADE7 /* AppState.swift */; };
		8E4EB5960505F65C0BAB669F /* ClipboardMonitorTests.swift in Sources */ = {isa = PBXBuildFile; fileRef = 4BA58CC9FECD2EFDCD6235AB /* ClipboardMonitorTests.swift */; };
		95C4051C4840F78742A77114 /* Localizable.xcstrings in Resources */ = {isa = PBXBuildFile; fileRef = 4CDB6790AD4A0A34B395AB01 /* Localizable.xcstrings */; };
		AE56B5DCC14AC92CF3A85AFC /* StatusBarController.swift in Sources */ = {isa = PBXBuildFile; fileRef = 8F796498B51CEBCB9CF8E2AD /* StatusBarController.swift */; };
		DE24537597FF8CD5518FA4A0 /* ClipboardMonitor.swift in Sources */ = {isa = PBXBuildFile; fileRef = 7AC196C4FABEB236FE924118 /* ClipboardMonitor.swift */; };
		FB1E40047C59725AEB9E55E1 /* Assets.xcassets in Resources */ = {isa = PBXBuildFile; fileRef = 64E9B7359B98CDCE147E0D40 /* Assets.xcassets */; };
/* End PBXBuildFile section */

/* Begin PBXContainerItemProxy section */
		029B5A205F4CAAED50460C7B /* PBXContainerItemProxy */ = {
			isa = PBXContainerItemProxy;
			containerPortal = 5F48753F2E427DCFA8B3FB91 /* Project object */;
			proxyType = 1;
			remoteGlobalIDString = 5DEC07E20E8984CDC53FBE15;
			remoteInfo = copyWorld;
		};
/* End PBXContainerItemProxy section */

/* Begin PBXFileReference section */
		34F85FE710A4C6F39EF59949 /* ClipboardStorage.swift */ = {isa = PBXFileReference; includeInIndex = 1; lastKnownFileType = sourcecode.swift; name = ClipboardStorage.swift; path = Sources/copyWorld/ClipboardStorage.swift; sourceTree = "<group>"; };
		4BA58CC9FECD2EFDCD6235AB /* ClipboardMonitorTests.swift */ = {isa = PBXFileReference; includeInIndex = 1; lastKnownFileType = sourcecode.swift; name = ClipboardMonitorTests.swift; path = Tests/copyWorldTests/ClipboardMonitorTests.swift; sourceTree = "<group>"; };
		4CDB6790AD4A0A34B395AB01 /* Localizable.xcstrings */ = {isa = PBXFileReference; includeInIndex = 1; name = Localizable.xcstrings; path = copyWorld/Resources/Localizable.xcstrings; sourceTree = "<group>"; };
		646FDA11861D26B43519ADE7 /* AppState.swift */ = {isa = PBXFileReference; includeInIndex = 1; lastKnownFileType = sourcecode.swift; name = AppState.swift; path = Sources/copyWorld/AppState.swift; sourceTree = "<group>"; };
		64E9B7359B98CDCE147E0D40 /* Assets.xcassets */ = {isa = PBXFileReference; includeInIndex = 1; lastKnownFileType = folder.assetcatalog; name = Assets.xcassets; path = copyWorld/Resources/Assets.xcassets; sourceTree = "<group>"; };
		7A3C84C24045726A36087C4A /* ClipboardContentType.swift */ = {isa = PBXFileReference; includeInIndex = 1; lastKnownFileType = sourcecode.swift; name = ClipboardContentType.swift; path = Sources/copyWorld/ClipboardContentType.swift; sourceTree = "<group>"; };
		7AC196C4FABEB236FE924118 /* ClipboardMonitor.swift */ = {isa = PBXFileReference; includeInIndex = 1; lastKnownFileType = sourcecode.swift; name = ClipboardMonitor.swift; path = Sources/copyWorld/ClipboardMonitor.swift; sourceTree = "<group>"; };
		7EB727B113CFEA2A32E0CFCE /* Cocoa.framework */ = {isa = PBXFileReference; lastKnownFileType = wrapper.framework; name = Cocoa.framework; path = Platforms/MacOSX.platform/Developer/SDKs/MacOSX15.0.sdk/System/Library/Frameworks/Cocoa.framework; sourceTree = DEVELOPER_DIR; };
		8AC28A05583E7A985FA236F3 /* ClipboardStorageTests.swift */ = {isa = PBXFileReference; includeInIndex = 1; lastKnownFileType = sourcecode.swift; name = ClipboardStorageTests.swift; path = Tests/copyWorldTests/ClipboardStorageTests.swift; sourceTree = "<group>"; };
		8F796498B51CEBCB9CF8E2AD /* StatusBarController.swift */ = {isa = PBXFileReference; includeInIndex = 1; lastKnownFileType = sourcecode.swift; name = StatusBarController.swift; path = Sources/copyWorld/StatusBarController.swift; sourceTree = "<group>"; };
		98CC517FDF2B0B0171BA143F /* copyWorld.app */ = {isa = PBXFileReference; explicitFileType = wrapper.application; includeInIndex = 0; path = copyWorld.app; sourceTree = BUILT_PRODUCTS_DIR; };
		9D45414C69A3703AD2C3D481 /* copyWorldTests.swift */ = {isa = PBXFileReference; includeInIndex = 1; lastKnownFileType = sourcecode.swift; name = copyWorldTests.swift; path = Tests/copyWorldTests/copyWorldTests.swift; sourceTree = "<group>"; };
		CA6305A3EE86C16DD765E885 /* LaunchAtLoginManager.swift */ = {isa = PBXFileReference; includeInIndex = 1; lastKnownFileType = sourcecode.swift; name = LaunchAtLoginManager.swift; path = Sources/copyWorld/LaunchAtLoginManager.swift; sourceTree = "<group>"; };
		D671BE90F6FC46CA35C4ECFE /* ClipboardHistoryStore.swift */ = {isa = PBXFileReference; includeInIndex = 1; lastKnownFileType = sourcecode.swift; name = ClipboardHistoryStore.swift; path = Sources/copyWorld/ClipboardHistoryStore.swift; sourceTree = "<group>"; };
		D688C2A99133C18ED64F0B3F /* Info.plist */ = {isa = PBXFileReference; includeInIndex = 1; lastKnownFileType = text.plist.xml; name = Info.plist; path = copyWorld/Resources/Info.plist; sourceTree = "<group>"; };
		EF2C1337E28490F4C4FC5B61 /* copyWorldTests.xctest */ = {isa = PBXFileReference; explicitFileType = wrapper.cfbundle; includeInIndex = 0; path = copyWorldTests.xctest; sourceTree = BUILT_PRODUCTS_DIR; };
		F00D590B800056055F0C9828 /* ClipboardItemTests.swift */ = {isa = PBXFileReference; includeInIndex = 1; lastKnownFileType = sourcecode.swift; name = ClipboardItemTests.swift; path = Tests/copyWorldTests/ClipboardItemTests.swift; sourceTree = "<group>"; };
		F5BDB3CECC1081A74BD1DEAC /* copyWorldApp.swift */ = {isa = PBXFileReference; includeInIndex = 1; lastKnownFileType = sourcecode.swift; name = copyWorldApp.swift; path = Sources/copyWorld/copyWorldApp.swift; sourceTree = "<group>"; };
		F74C7395A8CD6CE9AAD90A9E /* ClipboardHistoryStoreTests.swift */ = {isa = PBXFileReference; includeInIndex = 1; lastKnownFileType = sourcecode.swift; name = ClipboardHistoryStoreTests.swift; path = Tests/copyWorldTests/ClipboardHistoryStoreTests.swift; sourceTree = "<group>"; };
		FC49BB4153E28FE72E1F862C /* ClipboardItem.swift */ = {isa = PBXFileReference; includeInIndex = 1; lastKnownFileType = sourcecode.swift; name = ClipboardItem.swift; path = Sources/copyWorld/ClipboardItem.swift; sourceTree = "<group>"; };
		FF047A19BF63CBF0228FE394 /* MenuBarView.swift */ = {isa = PBXFileReference; includeInIndex = 1; lastKnownFileType = sourcecode.swift; name = MenuBarView.swift; path = Sources/copyWorld/MenuBarView.swift; sourceTree = "<group>"; };
/* End PBXFileReference section */

/* Begin PBXFrameworksBuildPhase section */
		4FFB4BB2B250DD11E3C1B90E /* Frameworks */ = {
			isa = PBXFrameworksBuildPhase;
			buildActionMask = 2147483647;
			files = (
				09EC1C38681FCDEA5D6B7562 /* Cocoa.framework in Frameworks */,
			);
			runOnlyForDeploymentPostprocessing = 0;
		};
		74BF87422A8F2CBDD9769DCC /* Frameworks */ = {
			isa = PBXFrameworksBuildPhase;
			buildActionMask = 2147483647;
			files = (
				0AE8EE6FC1FCA919318AB2D9 /* Cocoa.framework in Frameworks */,
			);
			runOnlyForDeploymentPostprocessing = 0;
		};
/* End PBXFrameworksBuildPhase section */

/* Begin PBXGroup section */
		3C0D18969AB141942B5FE752 /* Resources */ = {
			isa = PBXGroup;
			children = (
				64E9B7359B98CDCE147E0D40 /* Assets.xcassets */,
				4CDB6790AD4A0A34B395AB01 /* Localizable.xcstrings */,
				D688C2A99133C18ED64F0B3F /* Info.plist */,
			);
			name = Resources;
			sourceTree = "<group>";
		};
		581E9D7B5CC4F2EF6A2592D4 /* Products */ = {
			isa = PBXGroup;
			children = (
				98CC517FDF2B0B0171BA143F /* copyWorld.app */,
				EF2C1337E28490F4C4FC5B61 /* copyWorldTests.xctest */,
			);
			name = Products;
			sourceTree = "<group>";
		};
		62D358DEF00ADFE2B4025E1A /* copyWorld */ = {
			isa = PBXGroup;
			children = (
				646FDA11861D26B43519ADE7 /* AppState.swift */,
				7A3C84C24045726A36087C4A /* ClipboardContentType.swift */,
				D671BE90F6FC46CA35C4ECFE /* ClipboardHistoryStore.swift */,
				FC49BB4153E28FE72E1F862C /* ClipboardItem.swift */,
				7AC196C4FABEB236FE924118 /* ClipboardMonitor.swift */,
				34F85FE710A4C6F39EF59949 /* ClipboardStorage.swift */,
				CA6305A3EE86C16DD765E885 /* LaunchAtLoginManager.swift */,
				FF047A19BF63CBF0228FE394 /* MenuBarView.swift */,
				8F796498B51CEBCB9CF8E2AD /* StatusBarController.swift */,
				F5BDB3CECC1081A74BD1DEAC /* copyWorldApp.swift */,
			);
			name = copyWorld;
			sourceTree = "<group>";
		};
		6623DFA3BB7E45E4E84C6761 /* copyWorld */ = {
			isa = PBXGroup;
			children = (
				3C0D18969AB141942B5FE752 /* Resources */,
			);
			name = copyWorld;
			sourceTree = "<group>";
		};
		A107F83EB9A7D58F3F2EF8F3 /* Tests */ = {
			isa = PBXGroup;
			children = (
				F40B234D5482E850274128D2 /* copyWorldTests */,
			);
			name = Tests;
			sourceTree = "<group>";
		};
		A63A9FE7320A41B20D0483AB = {
			isa = PBXGroup;
			children = (
				581E9D7B5CC4F2EF6A2592D4 /* Products */,
				FFD920280929FA93C26CD66F /* Frameworks */,
				D7829303E78C18B337F1BF3A /* Sources */,
				A107F83EB9A7D58F3F2EF8F3 /* Tests */,
				6623DFA3BB7E45E4E84C6761 /* copyWorld */,
			);
			sourceTree = "<group>";
		};
		B53824753EF8FDDFD1146767 /* OS X */ = {
			isa = PBXGroup;
			children = (
				7EB727B113CFEA2A32E0CFCE /* Cocoa.framework */,
			);
			name = "OS X";
			sourceTree = "<group>";
		};
		D7829303E78C18B337F1BF3A /* Sources */ = {
			isa = PBXGroup;
			children = (
				62D358DEF00ADFE2B4025E1A /* copyWorld */,
			);
			name = Sources;
			sourceTree = "<group>";
		};
		F40B234D5482E850274128D2 /* copyWorldTests */ = {
			isa = PBXGroup;
			children = (
				F74C7395A8CD6CE9AAD90A9E /* ClipboardHistoryStoreTests.swift */,
				F00D590B800056055F0C9828 /* ClipboardItemTests.swift */,
				4BA58CC9FECD2EFDCD6235AB /* ClipboardMonitorTests.swift */,
				8AC28A05583E7A985FA236F3 /* ClipboardStorageTests.swift */,
				9D45414C69A3703AD2C3D481 /* copyWorldTests.swift */,
			);
			name = copyWorldTests;
			sourceTree = "<group>";
		};
		FFD920280929FA93C26CD66F /* Frameworks */ = {
			isa = PBXGroup;
			children = (
				B53824753EF8FDDFD1146767 /* OS X */,
			);
			name = Frameworks;
			sourceTree = "<group>";
		};
/* End PBXGroup section */

/* Begin PBXNativeTarget section */
		5DEC07E20E8984CDC53FBE15 /* copyWorld */ = {
			isa = PBXNativeTarget;
			buildConfigurationList = 034F582ED10A46FF1AD6CDC1 /* Build configuration list for PBXNativeTarget "copyWorld" */;
			buildPhases = (
				990D35D0172C7A07E11CF7CF /* Sources */,
				74BF87422A8F2CBDD9769DCC /* Frameworks */,
				9E87BC08DF6EB8B23729D7AF /* Resources */,
			);
			buildRules = (
			);
			dependencies = (
			);
			name = copyWorld;
			productName = copyWorld;
			productReference = 98CC517FDF2B0B0171BA143F /* copyWorld.app */;
			productType = "com.apple.product-type.application";
		};
		EC9A2545F497A4E9E7F1702D /* copyWorldTests */ = {
			isa = PBXNativeTarget;
			buildConfigurationList = 5CF97E597ADBE0999CAD10C7 /* Build configuration list for PBXNativeTarget "copyWorldTests" */;
			buildPhases = (
				08C2720900E4DA316228711A /* Sources */,
				4FFB4BB2B250DD11E3C1B90E /* Frameworks */,
				0C40872B7ABBF07A15ADCFE0 /* Resources */,
			);
			buildRules = (
			);
			dependencies = (
				8CB86C3E7A84C504940CA5D5 /* PBXTargetDependency */,
			);
			name = copyWorldTests;
			productName = copyWorldTests;
			productReference = EF2C1337E28490F4C4FC5B61 /* copyWorldTests.xctest */;
			productType = "com.apple.product-type.bundle.unit-test";
		};
/* End PBXNativeTarget section */

/* Begin PBXProject section */
		5F48753F2E427DCFA8B3FB91 /* Project object */ = {
			isa = PBXProject;
			attributes = {
				LastSwiftUpdateCheck = 2640;
				LastUpgradeCheck = 2640;
			};
			buildConfigurationList = 9F4ABB739B0950E8E9316ACA /* Build configuration list for PBXProject "copyWorld" */;
			compatibilityVersion = "Xcode 3.2";
			developmentRegion = en;
			hasScannedForEncodings = 0;
			knownRegions = (
				en,
				Base,
			);
			mainGroup = A63A9FE7320A41B20D0483AB;
			minimizedProjectReferenceProxies = 0;
			preferredProjectObjectVersion = 77;
			productRefGroup = 581E9D7B5CC4F2EF6A2592D4 /* Products */;
			projectDirPath = "";
			projectRoot = "";
			targets = (
				5DEC07E20E8984CDC53FBE15 /* copyWorld */,
				EC9A2545F497A4E9E7F1702D /* copyWorldTests */,
			);
		};
/* End PBXProject section */

/* Begin PBXResourcesBuildPhase section */
		0C40872B7ABBF07A15ADCFE0 /* Resources */ = {
			isa = PBXResourcesBuildPhase;
			buildActionMask = 2147483647;
			files = (
			);
			runOnlyForDeploymentPostprocessing = 0;
		};
		9E87BC08DF6EB8B23729D7AF /* Resources */ = {
			isa = PBXResourcesBuildPhase;
			buildActionMask = 2147483647;
			files = (
				FB1E40047C59725AEB9E55E1 /* Assets.xcassets in Resources */,
				95C4051C4840F78742A77114 /* Localizable.xcstrings in Resources */,
			);
			runOnlyForDeploymentPostprocessing = 0;
		};
/* End PBXResourcesBuildPhase section */

/* Begin PBXSourcesBuildPhase section */
		08C2720900E4DA316228711A /* Sources */ = {
			isa = PBXSourcesBuildPhase;
			buildActionMask = 2147483647;
			files = (
				3690C672B2C8292C93E37A71 /* ClipboardHistoryStoreTests.swift in Sources */,
				3D549C55320D096ADECB92CC /* ClipboardItemTests.swift in Sources */,
				8E4EB5960505F65C0BAB669F /* ClipboardMonitorTests.swift in Sources */,
				2D4CBEEC1E0BACDBDA843C0E /* ClipboardStorageTests.swift in Sources */,
				00F9F8B04E611CD431E08429 /* copyWorldTests.swift in Sources */,
			);
			runOnlyForDeploymentPostprocessing = 0;
		};
		990D35D0172C7A07E11CF7CF /* Sources */ = {
			isa = PBXSourcesBuildPhase;
			buildActionMask = 2147483647;
			files = (
				8B130465DA547A8B0AA5E8DE /* AppState.swift in Sources */,
				62CFC7D16576FF6F4763F1CE /* ClipboardContentType.swift in Sources */,
				694650F97C3D69A760F1303E /* ClipboardHistoryStore.swift in Sources */,
				33D454C2B66F9F5085F9A6AE /* ClipboardItem.swift in Sources */,
				DE24537597FF8CD5518FA4A0 /* ClipboardMonitor.swift in Sources */,
				327EF76D3AF8543AD7D4E969 /* ClipboardStorage.swift in Sources */,
				26F42FAEDC50FD47F43D7236 /* LaunchAtLoginManager.swift in Sources */,
				74A9B8E2254C783F2861A15B /* MenuBarView.swift in Sources */,
				AE56B5DCC14AC92CF3A85AFC /* StatusBarController.swift in Sources */,
				55B83115E95E707C719EDEFF /* copyWorldApp.swift in Sources */,
			);
			runOnlyForDeploymentPostprocessing = 0;
		};
/* End PBXSourcesBuildPhase section */

/* Begin PBXTargetDependency section */
		8CB86C3E7A84C504940CA5D5 /* PBXTargetDependency */ = {
			isa = PBXTargetDependency;
			name = copyWorld;
			target = 5DEC07E20E8984CDC53FBE15 /* copyWorld */;
			targetProxy = 029B5A205F4CAAED50460C7B /* PBXContainerItemProxy */;
		};
/* End PBXTargetDependency section */

/* Begin XCBuildConfiguration section */
		13B9588A2EFD3A44A4464AA8 /* Release */ = {
			isa = XCBuildConfiguration;
			buildSettings = {
				BUNDLE_LOADER = "$(TEST_HOST)";
				CODE_SIGN_STYLE = Automatic;
				CURRENT_PROJECT_VERSION = 1;
				GENERATE_INFOPLIST_FILE = YES;
				MACOSX_DEPLOYMENT_TARGET = 14.0;
				PRODUCT_BUNDLE_IDENTIFIER = com.copyworld.clipboardTests;
				SDKROOT = macosx;
				SWIFT_VERSION = 5.0;
				TEST_HOST = "$(BUILT_PRODUCTS_DIR)/copyWorld.app/Contents/MacOS/copyWorld";
			};
			name = Release;
		};
		6E6A2A8BD07352A93DD34F23 /* Debug */ = {
			isa = XCBuildConfiguration;
			buildSettings = {
				ASSETCATALOG_COMPILER_APPICON_NAME = AppIcon;
				ASSETCATALOG_COMPILER_GLOBAL_ACCENT_COLOR_NAME = AccentColor;
				CODE_SIGN_STYLE = Automatic;
				COMBINE_HIDPI_IMAGES = YES;
				CURRENT_PROJECT_VERSION = 1;
				ENABLE_APP_SANDBOX = NO;
				ENABLE_HARDENED_RUNTIME = NO;
				GENERATE_INFOPLIST_FILE = NO;
				INFOPLIST_FILE = copyWorld/Resources/Info.plist;
				LD_RUNPATH_SEARCH_PATHS = "$(inherited) @executable_path/../Frameworks";
				MACOSX_DEPLOYMENT_TARGET = 14.0;
				MARKETING_VERSION = 0.0.3;
				PRODUCT_BUNDLE_IDENTIFIER = com.copyworld.clipboard;
				SDKROOT = macosx;
				SWIFT_VERSION = 5.0;
			};
			name = Debug;
		};
		999542EB643D4117C906122B /* Release */ = {
			isa = XCBuildConfiguration;
			buildSettings = {
				ASSETCATALOG_COMPILER_APPICON_NAME = AppIcon;
				ASSETCATALOG_COMPILER_GLOBAL_ACCENT_COLOR_NAME = AccentColor;
				CODE_SIGN_STYLE = Automatic;
				COMBINE_HIDPI_IMAGES = YES;
				CURRENT_PROJECT_VERSION = 1;
				ENABLE_APP_SANDBOX = NO;
				ENABLE_HARDENED_RUNTIME = NO;
				GENERATE_INFOPLIST_FILE = NO;
				INFOPLIST_FILE = copyWorld/Resources/Info.plist;
				LD_RUNPATH_SEARCH_PATHS = "$(inherited) @executable_path/../Frameworks";
				MACOSX_DEPLOYMENT_TARGET = 14.0;
				MARKETING_VERSION = 0.0.3;
				PRODUCT_BUNDLE_IDENTIFIER = com.copyworld.clipboard;
				SDKROOT = macosx;
				SWIFT_VERSION = 5.0;
			};
			name = Release;
		};
		CB87D320AB4CD33163C84355 /* Debug */ = {
			isa = XCBuildConfiguration;
			buildSettings = {
				ALWAYS_SEARCH_USER_PATHS = NO;
				CLANG_ANALYZER_NONNULL = YES;
				CLANG_ANALYZER_NUMBER_OBJECT_CONVERSION = YES_AGGRESSIVE;
				CLANG_CXX_LANGUAGE_STANDARD = "gnu++14";
				CLANG_CXX_LIBRARY = "libc++";
				CLANG_ENABLE_MODULES = YES;
				CLANG_ENABLE_OBJC_ARC = YES;
				CLANG_ENABLE_OBJC_WEAK = YES;
				CLANG_WARN_BLOCK_CAPTURE_AUTORELEASING = YES;
				CLANG_WARN_BOOL_CONVERSION = YES;
				CLANG_WARN_COMMA = YES;
				CLANG_WARN_CONSTANT_CONVERSION = YES;
				CLANG_WARN_DEPRECATED_OBJC_IMPLEMENTATIONS = YES;
				CLANG_WARN_DIRECT_OBJC_ISA_USAGE = YES_ERROR;
				CLANG_WARN_DOCUMENTATION_COMMENTS = YES;
				CLANG_WARN_EMPTY_BODY = YES;
				CLANG_WARN_ENUM_CONVERSION = YES;
				CLANG_WARN_INFINITE_RECURSION = YES;
				CLANG_WARN_INT_CONVERSION = YES;
				CLANG_WARN_NON_LITERAL_NULL_CONVERSION = YES;
				CLANG_WARN_OBJC_IMPLICIT_RETAIN_SELF = YES;
				CLANG_WARN_OBJC_LITERAL_CONVERSION = YES;
				CLANG_WARN_OBJC_ROOT_CLASS = YES_ERROR;
				CLANG_WARN_QUOTED_INCLUDE_IN_FRAMEWORK_HEADER = YES;
				CLANG_WARN_RANGE_LOOP_ANALYSIS = YES;
				CLANG_WARN_STRICT_PROTOTYPES = YES;
				CLANG_WARN_SUSPICIOUS_MOVE = YES;
				CLANG_WARN_UNGUARDED_AVAILABILITY = YES_AGGRESSIVE;
				CLANG_WARN_UNREACHABLE_CODE = YES;
				CLANG_WARN__DUPLICATE_METHOD_MATCH = YES;
				COPY_PHASE_STRIP = NO;
				DEBUG_INFORMATION_FORMAT = dwarf;
				ENABLE_STRICT_OBJC_MSGSEND = YES;
				ENABLE_TESTABILITY = YES;
				GCC_C_LANGUAGE_STANDARD = gnu11;
				GCC_DYNAMIC_NO_PIC = NO;
				GCC_NO_COMMON_BLOCKS = YES;
				GCC_OPTIMIZATION_LEVEL = 0;
				GCC_PREPROCESSOR_DEFINITIONS = (
					"DEBUG=1",
					"$(inherited)",
				);
				GCC_WARN_64_TO_32_BIT_CONVERSION = YES;
				GCC_WARN_ABOUT_RETURN_TYPE = YES_ERROR;
				GCC_WARN_UNDECLARED_SELECTOR = YES;
				GCC_WARN_UNINITIALIZED_AUTOS = YES_AGGRESSIVE;
				GCC_WARN_UNUSED_FUNCTION = YES;
				GCC_WARN_UNUSED_VARIABLE = YES;
				MACOSX_DEPLOYMENT_TARGET = 14.0;
				MTL_ENABLE_DEBUG_INFO = INCLUDE_SOURCE;
				MTL_FAST_MATH = YES;
				ONLY_ACTIVE_ARCH = YES;
				PRODUCT_NAME = "$(TARGET_NAME)";
				SWIFT_ACTIVE_COMPILATION_CONDITIONS = DEBUG;
				SWIFT_OPTIMIZATION_LEVEL = "-Onone";
				SWIFT_VERSION = 5.0;
			};
			name = Debug;
		};
		E4D49E426E2D07C4E69C5252 /* Release */ = {
			isa = XCBuildConfiguration;
			buildSettings = {
				ALWAYS_SEARCH_USER_PATHS = NO;
				CLANG_ANALYZER_NONNULL = YES;
				CLANG_ANALYZER_NUMBER_OBJECT_CONVERSION = YES_AGGRESSIVE;
				CLANG_CXX_LANGUAGE_STANDARD = "gnu++14";
				CLANG_CXX_LIBRARY = "libc++";
				CLANG_ENABLE_MODULES = YES;
				CLANG_ENABLE_OBJC_ARC = YES;
				CLANG_ENABLE_OBJC_WEAK = YES;
				CLANG_WARN_BLOCK_CAPTURE_AUTORELEASING = YES;
				CLANG_WARN_BOOL_CONVERSION = YES;
				CLANG_WARN_COMMA = YES;
				CLANG_WARN_CONSTANT_CONVERSION = YES;
				CLANG_WARN_DEPRECATED_OBJC_IMPLEMENTATIONS = YES;
				CLANG_WARN_DIRECT_OBJC_ISA_USAGE = YES_ERROR;
				CLANG_WARN_DOCUMENTATION_COMMENTS = YES;
				CLANG_WARN_EMPTY_BODY = YES;
				CLANG_WARN_ENUM_CONVERSION = YES;
				CLANG_WARN_INFINITE_RECURSION = YES;
				CLANG_WARN_INT_CONVERSION = YES;
				CLANG_WARN_NON_LITERAL_NULL_CONVERSION = YES;
				CLANG_WARN_OBJC_IMPLICIT_RETAIN_SELF = YES;
				CLANG_WARN_OBJC_LITERAL_CONVERSION = YES;
				CLANG_WARN_OBJC_ROOT_CLASS = YES_ERROR;
				CLANG_WARN_QUOTED_INCLUDE_IN_FRAMEWORK_HEADER = YES;
				CLANG_WARN_RANGE_LOOP_ANALYSIS = YES;
				CLANG_WARN_STRICT_PROTOTYPES = YES;
				CLANG_WARN_SUSPICIOUS_MOVE = YES;
				CLANG_WARN_UNGUARDED_AVAILABILITY = YES_AGGRESSIVE;
				CLANG_WARN_UNREACHABLE_CODE = YES;
				CLANG_WARN__DUPLICATE_METHOD_MATCH = YES;
				COPY_PHASE_STRIP = NO;
				DEBUG_INFORMATION_FORMAT = "dwarf-with-dsym";
				ENABLE_NS_ASSERTIONS = NO;
				ENABLE_STRICT_OBJC_MSGSEND = YES;
				GCC_C_LANGUAGE_STANDARD = gnu11;
				GCC_NO_COMMON_BLOCKS = YES;
				GCC_WARN_64_TO_32_BIT_CONVERSION = YES;
				GCC_WARN_ABOUT_RETURN_TYPE = YES_ERROR;
				GCC_WARN_UNDECLARED_SELECTOR = YES;
				GCC_WARN_UNINITIALIZED_AUTOS = YES_AGGRESSIVE;
				GCC_WARN_UNUSED_FUNCTION = YES;
				GCC_WARN_UNUSED_VARIABLE = YES;
				MACOSX_DEPLOYMENT_TARGET = 14.0;
				MTL_ENABLE_DEBUG_INFO = NO;
				MTL_FAST_MATH = YES;
				PRODUCT_NAME = "$(TARGET_NAME)";
				SWIFT_COMPILATION_MODE = wholemodule;
				SWIFT_OPTIMIZATION_LEVEL = "-O";
				SWIFT_VERSION = 5.0;
			};
			name = Release;
		};
		EAD65D8937CAFB978562E0D2 /* Debug */ = {
			isa = XCBuildConfiguration;
			buildSettings = {
				BUNDLE_LOADER = "$(TEST_HOST)";
				CODE_SIGN_STYLE = Automatic;
				CURRENT_PROJECT_VERSION = 1;
				GENERATE_INFOPLIST_FILE = YES;
				MACOSX_DEPLOYMENT_TARGET = 14.0;
				PRODUCT_BUNDLE_IDENTIFIER = com.copyworld.clipboardTests;
				SDKROOT = macosx;
				SWIFT_VERSION = 5.0;
				TEST_HOST = "$(BUILT_PRODUCTS_DIR)/copyWorld.app/Contents/MacOS/copyWorld";
			};
			name = Debug;
		};
/* End XCBuildConfiguration section */

/* Begin XCConfigurationList section */
		034F582ED10A46FF1AD6CDC1 /* Build configuration list for PBXNativeTarget "copyWorld" */ = {
			isa = XCConfigurationList;
			buildConfigurations = (
				999542EB643D4117C906122B /* Release */,
				6E6A2A8BD07352A93DD34F23 /* Debug */,
			);
			defaultConfigurationIsVisible = 0;
			defaultConfigurationName = Release;
		};
		5CF97E597ADBE0999CAD10C7 /* Build configuration list for PBXNativeTarget "copyWorldTests" */ = {
			isa = XCConfigurationList;
			buildConfigurations = (
				13B9588A2EFD3A44A4464AA8 /* Release */,
				EAD65D8937CAFB978562E0D2 /* Debug */,
			);
			defaultConfigurationIsVisible = 0;
			defaultConfigurationName = Release;
		};
		9F4ABB739B0950E8E9316ACA /* Build configuration list for PBXProject "copyWorld" */ = {
			isa = XCConfigurationList;
			buildConfigurations = (
				CB87D320AB4CD33163C84355 /* Debug */,
				E4D49E426E2D07C4E69C5252 /* Release */,
			);
			defaultConfigurationIsVisible = 0;
			defaultConfigurationName = Release;
		};
/* End XCConfigurationList section */
	};
	rootObject = 5F48753F2E427DCFA8B3FB91 /* Project object */;
}
