// !$*UTF8*$!
{
	archiveVersion = 1;
	classes = {
	};
	objectVersion = 46;
	objects = {

/* Begin PBXBuildFile section */
		0F684D75FE2167B727543F33 /* Assets.xcassets in Resources */ = {isa = PBXBuildFile; fileRef = C751B038F0EDB92624785480 /* Assets.xcassets */; };
		15839D988EC21C0358416F81 /* ClipboardHistoryStore.swift in Sources */ = {isa = PBXBuildFile; fileRef = 6CD7AB13EF3C8A2A03ACF8E7 /* ClipboardHistoryStore.swift */; };
		1A7E9D6749C61B162ED390EC /* ClipboardMonitor.swift in Sources */ = {isa = PBXBuildFile; fileRef = 87EABB122445C85F4BDB8D62 /* ClipboardMonitor.swift */; };
		30532A273D94D2B422677B86 /* ClipboardItemTests.swift in Sources */ = {isa = PBXBuildFile; fileRef = F6138C46B9E6892A10C5B30B /* ClipboardItemTests.swift */; };
		30FA13C5C7FDDA8B560C108E /* ClipboardStorage.swift in Sources */ = {isa = PBXBuildFile; fileRef = 4E792F54997707730986B16C /* ClipboardStorage.swift */; };
		682BA4DBBD45BCCB2215B84B /* StatusBarController.swift in Sources */ = {isa = PBXBuildFile; fileRef = CACC693790F1334A6F89960B /* StatusBarController.swift */; };
		80DF203F0F9B8726265CB925 /* copyWorldTests.swift in Sources */ = {isa = PBXBuildFile; fileRef = 5CF05EC393F889CB832055DD /* copyWorldTests.swift */; };
		9167B7CB5ED82A09BB2F79EA /* ClipboardStorageTests.swift in Sources */ = {isa = PBXBuildFile; fileRef = BE7D5626F914F735EA7B6C93 /* ClipboardStorageTests.swift */; };
		AA998A3C19E37F3ED4CF906F /* ClipboardMonitorTests.swift in Sources */ = {isa = PBXBuildFile; fileRef = A8151614F45C8539CE93201D /* ClipboardMonitorTests.swift */; };
		B976F6351FB3CD72BAF9BD91 /* Cocoa.framework in Frameworks */ = {isa = PBXBuildFile; fileRef = 8B1799CA918C74B4F2F9F207 /* Cocoa.framework */; };
		BBF183A08142F4C9B25073EE /* MenuBarView.swift in Sources */ = {isa = PBXBuildFile; fileRef = 416BAF0124DD609B6B3CCF39 /* MenuBarView.swift */; };
		CA2B3C43A5DB71E492E1C193 /* Cocoa.framework in Frameworks */ = {isa = PBXBuildFile; fileRef = 8B1799CA918C74B4F2F9F207 /* Cocoa.framework */; };
		E88B89E7F1CB554C4C3CEBF0 /* ClipboardItem.swift in Sources */ = {isa = PBXBuildFile; fileRef = 34E42203D5FDC2AD766A95A9 /* ClipboardItem.swift */; };
		EA15E9EA265F4ADF77428572 /* ClipboardHistoryStoreTests.swift in Sources */ = {isa = PBXBuildFile; fileRef = A2C7E26D532B42516504818D /* ClipboardHistoryStoreTests.swift */; };
		F7D01BA7D54DE634C8FC2A6A /* copyWorldApp.swift in Sources */ = {isa = PBXBuildFile; fileRef = 3F8EBBC9A215F192901A8380 /* copyWorldApp.swift */; };
		F8A938FE2543D609BAC560AB /* LaunchAtLoginManager.swift in Sources */ = {isa = PBXBuildFile; fileRef = 400D3A202DDF08DDD850702E /* LaunchAtLoginManager.swift */; };
		F9F6173921C933E0859001A2 /* ClipboardContentType.swift in Sources */ = {isa = PBXBuildFile; fileRef = 8C3CD78B2701E6AE21250F5B /* ClipboardContentType.swift */; };
		FA73B994A8CBBCF5777567F2 /* AppState.swift in Sources */ = {isa = PBXBuildFile; fileRef = 04868E67C71C2AAE0B104EDE /* AppState.swift */; };
/* End PBXBuildFile section */

/* Begin PBXContainerItemProxy section */
		18FDA79FA3C098FC18A671F5 /* PBXContainerItemProxy */ = {
			isa = PBXContainerItemProxy;
			containerPortal = B686EA12D72029EE430B04FE /* Project object */;
			proxyType = 1;
			remoteGlobalIDString = 6C5D60088D3F367CF1ADD024;
			remoteInfo = copyWorld;
		};
/* End PBXContainerItemProxy section */

/* Begin PBXFileReference section */
		04868E67C71C2AAE0B104EDE /* AppState.swift */ = {isa = PBXFileReference; includeInIndex = 1; lastKnownFileType = sourcecode.swift; name = AppState.swift; path = Sources/copyWorld/AppState.swift; sourceTree = "<group>"; };
		34E42203D5FDC2AD766A95A9 /* ClipboardItem.swift */ = {isa = PBXFileReference; includeInIndex = 1; lastKnownFileType = sourcecode.swift; name = ClipboardItem.swift; path = Sources/copyWorld/ClipboardItem.swift; sourceTree = "<group>"; };
		3F8EBBC9A215F192901A8380 /* copyWorldApp.swift */ = {isa = PBXFileReference; includeInIndex = 1; lastKnownFileType = sourcecode.swift; name = copyWorldApp.swift; path = Sources/copyWorld/copyWorldApp.swift; sourceTree = "<group>"; };
		400D3A202DDF08DDD850702E /* LaunchAtLoginManager.swift */ = {isa = PBXFileReference; includeInIndex = 1; lastKnownFileType = sourcecode.swift; name = LaunchAtLoginManager.swift; path = Sources/copyWorld/LaunchAtLoginManager.swift; sourceTree = "<group>"; };
		416BAF0124DD609B6B3CCF39 /* MenuBarView.swift */ = {isa = PBXFileReference; includeInIndex = 1; lastKnownFileType = sourcecode.swift; name = MenuBarView.swift; path = Sources/copyWorld/MenuBarView.swift; sourceTree = "<group>"; };
		4E792F54997707730986B16C /* ClipboardStorage.swift */ = {isa = PBXFileReference; includeInIndex = 1; lastKnownFileType = sourcecode.swift; name = ClipboardStorage.swift; path = Sources/copyWorld/ClipboardStorage.swift; sourceTree = "<group>"; };
		5CF05EC393F889CB832055DD /* copyWorldTests.swift */ = {isa = PBXFileReference; includeInIndex = 1; lastKnownFileType = sourcecode.swift; name = copyWorldTests.swift; path = Tests/copyWorldTests/copyWorldTests.swift; sourceTree = "<group>"; };
		6CD7AB13EF3C8A2A03ACF8E7 /* ClipboardHistoryStore.swift */ = {isa = PBXFileReference; includeInIndex = 1; lastKnownFileType = sourcecode.swift; name = ClipboardHistoryStore.swift; path = Sources/copyWorld/ClipboardHistoryStore.swift; sourceTree = "<group>"; };
		787842ECE9C0F38F9A99B444 /* Info.plist */ = {isa = PBXFileReference; includeInIndex = 1; lastKnownFileType = text.plist.xml; name = Info.plist; path = copyWorld/Resources/Info.plist; sourceTree = "<group>"; };
		87EABB122445C85F4BDB8D62 /* ClipboardMonitor.swift */ = {isa = PBXFileReference; includeInIndex = 1; lastKnownFileType = sourcecode.swift; name = ClipboardMonitor.swift; path = Sources/copyWorld/ClipboardMonitor.swift; sourceTree = "<group>"; };
		8B1799CA918C74B4F2F9F207 /* Cocoa.framework */ = {isa = PBXFileReference; lastKnownFileType = wrapper.framework; name = Cocoa.framework; path = Platforms/MacOSX.platform/Developer/SDKs/MacOSX15.0.sdk/System/Library/Frameworks/Cocoa.framework; sourceTree = DEVELOPER_DIR; };
		8BF417800553702041890479 /* copyWorld.app */ = {isa = PBXFileReference; explicitFileType = wrapper.application; includeInIndex = 0; path = copyWorld.app; sourceTree = BUILT_PRODUCTS_DIR; };
		8C3CD78B2701E6AE21250F5B /* ClipboardContentType.swift */ = {isa = PBXFileReference; includeInIndex = 1; lastKnownFileType = sourcecode.swift; name = ClipboardContentType.swift; path = Sources/copyWorld/ClipboardContentType.swift; sourceTree = "<group>"; };
		A2C7E26D532B42516504818D /* ClipboardHistoryStoreTests.swift */ = {isa = PBXFileReference; includeInIndex = 1; lastKnownFileType = sourcecode.swift; name = ClipboardHistoryStoreTests.swift; path = Tests/copyWorldTests/ClipboardHistoryStoreTests.swift; sourceTree = "<group>"; };
		A8151614F45C8539CE93201D /* ClipboardMonitorTests.swift */ = {isa = PBXFileReference; includeInIndex = 1; lastKnownFileType = sourcecode.swift; name = ClipboardMonitorTests.swift; path = Tests/copyWorldTests/ClipboardMonitorTests.swift; sourceTree = "<group>"; };
		BE7D5626F914F735EA7B6C93 /* ClipboardStorageTests.swift */ = {isa = PBXFileReference; includeInIndex = 1; lastKnownFileType = sourcecode.swift; name = ClipboardStorageTests.swift; path = Tests/copyWorldTests/ClipboardStorageTests.swift; sourceTree = "<group>"; };
		C751B038F0EDB92624785480 /* Assets.xcassets */ = {isa = PBXFileReference; includeInIndex = 1; lastKnownFileType = folder.assetcatalog; name = Assets.xcassets; path = copyWorld/Resources/Assets.xcassets; sourceTree = "<group>"; };
		CACC693790F1334A6F89960B /* StatusBarController.swift */ = {isa = PBXFileReference; includeInIndex = 1; lastKnownFileType = sourcecode.swift; name = StatusBarController.swift; path = Sources/copyWorld/StatusBarController.swift; sourceTree = "<group>"; };
		F6138C46B9E6892A10C5B30B /* ClipboardItemTests.swift */ = {isa = PBXFileReference; includeInIndex = 1; lastKnownFileType = sourcecode.swift; name = ClipboardItemTests.swift; path = Tests/copyWorldTests/ClipboardItemTests.swift; sourceTree = "<group>"; };
		FC1EB48D5A7C49D43A14A739 /* copyWorldTests.xctest */ = {isa = PBXFileReference; explicitFileType = wrapper.cfbundle; includeInIndex = 0; path = copyWorldTests.xctest; sourceTree = BUILT_PRODUCTS_DIR; };
/* End PBXFileReference section */

/* Begin PBXFrameworksBuildPhase section */
		3DBB706AB7FE03BEDD260BA6 /* Frameworks */ = {
			isa = PBXFrameworksBuildPhase;
			buildActionMask = 2147483647;
			files = (
				CA2B3C43A5DB71E492E1C193 /* Cocoa.framework in Frameworks */,
			);
			runOnlyForDeploymentPostprocessing = 0;
		};
		8BA112B24E080B754D12DF48 /* Frameworks */ = {
			isa = PBXFrameworksBuildPhase;
			buildActionMask = 2147483647;
			files = (
				B976F6351FB3CD72BAF9BD91 /* Cocoa.framework in Frameworks */,
			);
			runOnlyForDeploymentPostprocessing = 0;
		};
/* End PBXFrameworksBuildPhase section */

/* Begin PBXGroup section */
		2D4CA839290AE80C43F9940A /* Frameworks */ = {
			isa = PBXGroup;
			children = (
				FF04D336E4AB6C333399F342 /* OS X */,
			);
			name = Frameworks;
			sourceTree = "<group>";
		};
		4C38706656AB7DA681C6B7E1 /* copyWorld */ = {
			isa = PBXGroup;
			children = (
				D84B9F273AC540AE3E61A723 /* Resources */,
			);
			name = copyWorld;
			sourceTree = "<group>";
		};
		5AA70847703B8E40690F15BE = {
			isa = PBXGroup;
			children = (
				6B655D51FEC7A3ADBF051E3F /* Products */,
				2D4CA839290AE80C43F9940A /* Frameworks */,
				F4CF9E820EA10252A378D5F7 /* Sources */,
				6B290DBC2C1A5BD66B246371 /* Tests */,
				4C38706656AB7DA681C6B7E1 /* copyWorld */,
			);
			sourceTree = "<group>";
		};
		6B290DBC2C1A5BD66B246371 /* Tests */ = {
			isa = PBXGroup;
			children = (
				71D3929D8AC9D9D9F15CFC74 /* copyWorldTests */,
			);
			name = Tests;
			sourceTree = "<group>";
		};
		6B655D51FEC7A3ADBF051E3F /* Products */ = {
			isa = PBXGroup;
			children = (
				8BF417800553702041890479 /* copyWorld.app */,
				FC1EB48D5A7C49D43A14A739 /* copyWorldTests.xctest */,
			);
			name = Products;
			sourceTree = "<group>";
		};
		71D3929D8AC9D9D9F15CFC74 /* copyWorldTests */ = {
			isa = PBXGroup;
			children = (
				A2C7E26D532B42516504818D /* ClipboardHistoryStoreTests.swift */,
				F6138C46B9E6892A10C5B30B /* ClipboardItemTests.swift */,
				A8151614F45C8539CE93201D /* ClipboardMonitorTests.swift */,
				BE7D5626F914F735EA7B6C93 /* ClipboardStorageTests.swift */,
				5CF05EC393F889CB832055DD /* copyWorldTests.swift */,
			);
			name = copyWorldTests;
			sourceTree = "<group>";
		};
		75BC1D4FBD1D16CB5C6C2002 /* copyWorld */ = {
			isa = PBXGroup;
			children = (
				04868E67C71C2AAE0B104EDE /* AppState.swift */,
				8C3CD78B2701E6AE21250F5B /* ClipboardContentType.swift */,
				6CD7AB13EF3C8A2A03ACF8E7 /* ClipboardHistoryStore.swift */,
				34E42203D5FDC2AD766A95A9 /* ClipboardItem.swift */,
				87EABB122445C85F4BDB8D62 /* ClipboardMonitor.swift */,
				4E792F54997707730986B16C /* ClipboardStorage.swift */,
				400D3A202DDF08DDD850702E /* LaunchAtLoginManager.swift */,
				416BAF0124DD609B6B3CCF39 /* MenuBarView.swift */,
				CACC693790F1334A6F89960B /* StatusBarController.swift */,
				3F8EBBC9A215F192901A8380 /* copyWorldApp.swift */,
			);
			name = copyWorld;
			sourceTree = "<group>";
		};
		D84B9F273AC540AE3E61A723 /* Resources */ = {
			isa = PBXGroup;
			children = (
				C751B038F0EDB92624785480 /* Assets.xcassets */,
				787842ECE9C0F38F9A99B444 /* Info.plist */,
			);
			name = Resources;
			sourceTree = "<group>";
		};
		F4CF9E820EA10252A378D5F7 /* Sources */ = {
			isa = PBXGroup;
			children = (
				75BC1D4FBD1D16CB5C6C2002 /* copyWorld */,
			);
			name = Sources;
			sourceTree = "<group>";
		};
		FF04D336E4AB6C333399F342 /* OS X */ = {
			isa = PBXGroup;
			children = (
				8B1799CA918C74B4F2F9F207 /* Cocoa.framework */,
			);
			name = "OS X";
			sourceTree = "<group>";
		};
/* End PBXGroup section */

/* Begin PBXNativeTarget section */
		167756BF85DAD617E8AB993C /* copyWorldTests */ = {
			isa = PBXNativeTarget;
			buildConfigurationList = 7686AC0B794666392F24337F /* Build configuration list for PBXNativeTarget "copyWorldTests" */;
			buildPhases = (
				365782ABD29504A7BB3F3586 /* Sources */,
				3DBB706AB7FE03BEDD260BA6 /* Frameworks */,
				7C6455685E2D2DF2441AC0C4 /* Resources */,
			);
			buildRules = (
			);
			dependencies = (
				4F34E41E8F94AD7F84592B4D /* PBXTargetDependency */,
			);
			name = copyWorldTests;
			productName = copyWorldTests;
			productReference = FC1EB48D5A7C49D43A14A739 /* copyWorldTests.xctest */;
			productType = "com.apple.product-type.bundle.unit-test";
		};
		6C5D60088D3F367CF1ADD024 /* copyWorld */ = {
			isa = PBXNativeTarget;
			buildConfigurationList = 53667F70F6D7762E05E6B2CC /* Build configuration list for PBXNativeTarget "copyWorld" */;
			buildPhases = (
				E43A5C429D266A5DE4B06A0B /* Sources */,
				8BA112B24E080B754D12DF48 /* Frameworks */,
				28F12574F32FD5C0148E1756 /* Resources */,
			);
			buildRules = (
			);
			dependencies = (
			);
			name = copyWorld;
			productName = copyWorld;
			productReference = 8BF417800553702041890479 /* copyWorld.app */;
			productType = "com.apple.product-type.application";
		};
/* End PBXNativeTarget section */

/* Begin PBXProject section */
		B686EA12D72029EE430B04FE /* Project object */ = {
			isa = PBXProject;
			attributes = {
				LastSwiftUpdateCheck = 2640;
				LastUpgradeCheck = 2640;
			};
			buildConfigurationList = C82FB6EF61DAD58E6D7826CA /* Build configuration list for PBXProject "copyWorld" */;
			compatibilityVersion = "Xcode 3.2";
			developmentRegion = en;
			hasScannedForEncodings = 0;
			knownRegions = (
				en,
				Base,
			);
			mainGroup = 5AA70847703B8E40690F15BE;
			minimizedProjectReferenceProxies = 0;
			preferredProjectObjectVersion = 77;
			productRefGroup = 6B655D51FEC7A3ADBF051E3F /* Products */;
			projectDirPath = "";
			projectRoot = "";
			targets = (
				6C5D60088D3F367CF1ADD024 /* copyWorld */,
				167756BF85DAD617E8AB993C /* copyWorldTests */,
			);
		};
/* End PBXProject section */

/* Begin PBXResourcesBuildPhase section */
		28F12574F32FD5C0148E1756 /* Resources */ = {
			isa = PBXResourcesBuildPhase;
			buildActionMask = 2147483647;
			files = (
				0F684D75FE2167B727543F33 /* Assets.xcassets in Resources */,
			);
			runOnlyForDeploymentPostprocessing = 0;
		};
		7C6455685E2D2DF2441AC0C4 /* Resources */ = {
			isa = PBXResourcesBuildPhase;
			buildActionMask = 2147483647;
			files = (
			);
			runOnlyForDeploymentPostprocessing = 0;
		};
/* End PBXResourcesBuildPhase section */

/* Begin PBXSourcesBuildPhase section */
		365782ABD29504A7BB3F3586 /* Sources */ = {
			isa = PBXSourcesBuildPhase;
			buildActionMask = 2147483647;
			files = (
				EA15E9EA265F4ADF77428572 /* ClipboardHistoryStoreTests.swift in Sources */,
				30532A273D94D2B422677B86 /* ClipboardItemTests.swift in Sources */,
				AA998A3C19E37F3ED4CF906F /* ClipboardMonitorTests.swift in Sources */,
				9167B7CB5ED82A09BB2F79EA /* ClipboardStorageTests.swift in Sources */,
				80DF203F0F9B8726265CB925 /* copyWorldTests.swift in Sources */,
			);
			runOnlyForDeploymentPostprocessing = 0;
		};
		E43A5C429D266A5DE4B06A0B /* Sources */ = {
			isa = PBXSourcesBuildPhase;
			buildActionMask = 2147483647;
			files = (
				FA73B994A8CBBCF5777567F2 /* AppState.swift in Sources */,
				F9F6173921C933E0859001A2 /* ClipboardContentType.swift in Sources */,
				15839D988EC21C0358416F81 /* ClipboardHistoryStore.swift in Sources */,
				E88B89E7F1CB554C4C3CEBF0 /* ClipboardItem.swift in Sources */,
				1A7E9D6749C61B162ED390EC /* ClipboardMonitor.swift in Sources */,
				30FA13C5C7FDDA8B560C108E /* ClipboardStorage.swift in Sources */,
				F8A938FE2543D609BAC560AB /* LaunchAtLoginManager.swift in Sources */,
				BBF183A08142F4C9B25073EE /* MenuBarView.swift in Sources */,
				682BA4DBBD45BCCB2215B84B /* StatusBarController.swift in Sources */,
				F7D01BA7D54DE634C8FC2A6A /* copyWorldApp.swift in Sources */,
			);
			runOnlyForDeploymentPostprocessing = 0;
		};
/* End PBXSourcesBuildPhase section */

/* Begin PBXTargetDependency section */
		4F34E41E8F94AD7F84592B4D /* PBXTargetDependency */ = {
			isa = PBXTargetDependency;
			name = copyWorld;
			target = 6C5D60088D3F367CF1ADD024 /* copyWorld */;
			targetProxy = 18FDA79FA3C098FC18A671F5 /* PBXContainerItemProxy */;
		};
/* End PBXTargetDependency section */

/* Begin XCBuildConfiguration section */
		02E9D7119C9E4E92837A2569 /* Release */ = {
			isa = XCBuildConfiguration;
			buildSettings = {
				ALWAYS_SEARCH_USER_PATHS = NO;
				CLANG_ANALYZER_NONNULL = YES;
				CLANG_ANALYZER_NUMBER_OBJECT_CONVERSION = YES_AGGRESSIVE;
				CLANG_CXX_LANGUAGE_STANDARD = "gnu++14";
				CLANG_CXX_LIBRARY = "libc++";
				CLANG_ENABLE_MODULES = YES;
				CLANG_ENABLE_OBJC_ARC = YES;
				CLANG_ENABLE_OBJC_WEAK = YES;
				CLANG_WARN_BLOCK_CAPTURE_AUTORELEASING = YES;
				CLANG_WARN_BOOL_CONVERSION = YES;
				CLANG_WARN_COMMA = YES;
				CLANG_WARN_CONSTANT_CONVERSION = YES;
				CLANG_WARN_DEPRECATED_OBJC_IMPLEMENTATIONS = YES;
				CLANG_WARN_DIRECT_OBJC_ISA_USAGE = YES_ERROR;
				CLANG_WARN_DOCUMENTATION_COMMENTS = YES;
				CLANG_WARN_EMPTY_BODY = YES;
				CLANG_WARN_ENUM_CONVERSION = YES;
				CLANG_WARN_INFINITE_RECURSION = YES;
				CLANG_WARN_INT_CONVERSION = YES;
				CLANG_WARN_NON_LITERAL_NULL_CONVERSION = YES;
				CLANG_WARN_OBJC_IMPLICIT_RETAIN_SELF = YES;
				CLANG_WARN_OBJC_LITERAL_CONVERSION = YES;
				CLANG_WARN_OBJC_ROOT_CLASS = YES_ERROR;
				CLANG_WARN_QUOTED_INCLUDE_IN_FRAMEWORK_HEADER = YES;
				CLANG_WARN_RANGE_LOOP_ANALYSIS = YES;
				CLANG_WARN_STRICT_PROTOTYPES = YES;
				CLANG_WARN_SUSPICIOUS_MOVE = YES;
				CLANG_WARN_UNGUARDED_AVAILABILITY = YES_AGGRESSIVE;
				CLANG_WARN_UNREACHABLE_CODE = YES;
				CLANG_WARN__DUPLICATE_METHOD_MATCH = YES;
				COPY_PHASE_STRIP = NO;
				DEBUG_INFORMATION_FORMAT = "dwarf-with-dsym";
				ENABLE_NS_ASSERTIONS = NO;
				ENABLE_STRICT_OBJC_MSGSEND = YES;
				GCC_C_LANGUAGE_STANDARD = gnu11;
				GCC_NO_COMMON_BLOCKS = YES;
				GCC_WARN_64_TO_32_BIT_CONVERSION = YES;
				GCC_WARN_ABOUT_RETURN_TYPE = YES_ERROR;
				GCC_WARN_UNDECLARED_SELECTOR = YES;
				GCC_WARN_UNINITIALIZED_AUTOS = YES_AGGRESSIVE;
				GCC_WARN_UNUSED_FUNCTION = YES;
				GCC_WARN_UNUSED_VARIABLE = YES;
				MACOSX_DEPLOYMENT_TARGET = 14.0;
				MTL_ENABLE_DEBUG_INFO = NO;
				MTL_FAST_MATH = YES;
				PRODUCT_NAME = "$(TARGET_NAME)";
				SWIFT_COMPILATION_MODE = wholemodule;
				SWIFT_OPTIMIZATION_LEVEL = "-O";
				SWIFT_VERSION = 5.0;
			};
			name = Release;
		};
		3EBB2F4EDBF0701C629AD61D /* Release */ = {
			isa = XCBuildConfiguration;
			buildSettings = {
				BUNDLE_LOADER = "$(TEST_HOST)";
				CODE_SIGN_STYLE = Automatic;
				CURRENT_PROJECT_VERSION = 1;
				GENERATE_INFOPLIST_FILE = YES;
				MACOSX_DEPLOYMENT_TARGET = 14.0;
				PRODUCT_BUNDLE_IDENTIFIER = com.copyworld.clipboardTests;
				SDKROOT = macosx;
				SWIFT_VERSION = 5.0;
				TEST_HOST = "$(BUILT_PRODUCTS_DIR)/copyWorld.app/Contents/MacOS/copyWorld";
			};
			name = Release;
		};
		7C2D1B4B94499C764A34FC35 /* Debug */ = {
			isa = XCBuildConfiguration;
			buildSettings = {
				BUNDLE_LOADER = "$(TEST_HOST)";
				CODE_SIGN_STYLE = Automatic;
				CURRENT_PROJECT_VERSION = 1;
				GENERATE_INFOPLIST_FILE = YES;
				MACOSX_DEPLOYMENT_TARGET = 14.0;
				PRODUCT_BUNDLE_IDENTIFIER = com.copyworld.clipboardTests;
				SDKROOT = macosx;
				SWIFT_VERSION = 5.0;
				TEST_HOST = "$(BUILT_PRODUCTS_DIR)/copyWorld.app/Contents/MacOS/copyWorld";
			};
			name = Debug;
		};
		83AFB6F15D9E2124F5F7E920 /* Release */ = {
			isa = XCBuildConfiguration;
			buildSettings = {
				ASSETCATALOG_COMPILER_APPICON_NAME = AppIcon;
				ASSETCATALOG_COMPILER_GLOBAL_ACCENT_COLOR_NAME = AccentColor;
				CODE_SIGN_STYLE = Automatic;
				COMBINE_HIDPI_IMAGES = YES;
				CURRENT_PROJECT_VERSION = 1;
				ENABLE_APP_SANDBOX = NO;
				ENABLE_HARDENED_RUNTIME = NO;
				GENERATE_INFOPLIST_FILE = NO;
				INFOPLIST_FILE = copyWorld/Resources/Info.plist;
				LD_RUNPATH_SEARCH_PATHS = "$(inherited) @executable_path/../Frameworks";
				MACOSX_DEPLOYMENT_TARGET = 14.0;
				MARKETING_VERSION = 0.1.0;
				PRODUCT_BUNDLE_IDENTIFIER = com.copyworld.clipboard;
				SDKROOT = macosx;
				SWIFT_VERSION = 5.0;
			};
			name = Release;
		};
		8792248C79492C6C3420DA5A /* Debug */ = {
			isa = XCBuildConfiguration;
			buildSettings = {
				ASSETCATALOG_COMPILER_APPICON_NAME = AppIcon;
				ASSETCATALOG_COMPILER_GLOBAL_ACCENT_COLOR_NAME = AccentColor;
				CODE_SIGN_STYLE = Automatic;
				COMBINE_HIDPI_IMAGES = YES;
				CURRENT_PROJECT_VERSION = 1;
				ENABLE_APP_SANDBOX = NO;
				ENABLE_HARDENED_RUNTIME = NO;
				GENERATE_INFOPLIST_FILE = NO;
				INFOPLIST_FILE = copyWorld/Resources/Info.plist;
				LD_RUNPATH_SEARCH_PATHS = "$(inherited) @executable_path/../Frameworks";
				MACOSX_DEPLOYMENT_TARGET = 14.0;
				MARKETING_VERSION = 0.1.0;
				PRODUCT_BUNDLE_IDENTIFIER = com.copyworld.clipboard;
				SDKROOT = macosx;
				SWIFT_VERSION = 5.0;
			};
			name = Debug;
		};
		C3F1C2253D57D688414C54AA /* Debug */ = {
			isa = XCBuildConfiguration;
			buildSettings = {
				ALWAYS_SEARCH_USER_PATHS = NO;
				CLANG_ANALYZER_NONNULL = YES;
				CLANG_ANALYZER_NUMBER_OBJECT_CONVERSION = YES_AGGRESSIVE;
				CLANG_CXX_LANGUAGE_STANDARD = "gnu++14";
				CLANG_CXX_LIBRARY = "libc++";
				CLANG_ENABLE_MODULES = YES;
				CLANG_ENABLE_OBJC_ARC = YES;
				CLANG_ENABLE_OBJC_WEAK = YES;
				CLANG_WARN_BLOCK_CAPTURE_AUTORELEASING = YES;
				CLANG_WARN_BOOL_CONVERSION = YES;
				CLANG_WARN_COMMA = YES;
				CLANG_WARN_CONSTANT_CONVERSION = YES;
				CLANG_WARN_DEPRECATED_OBJC_IMPLEMENTATIONS = YES;
				CLANG_WARN_DIRECT_OBJC_ISA_USAGE = YES_ERROR;
				CLANG_WARN_DOCUMENTATION_COMMENTS = YES;
				CLANG_WARN_EMPTY_BODY = YES;
				CLANG_WARN_ENUM_CONVERSION = YES;
				CLANG_WARN_INFINITE_RECURSION = YES;
				CLANG_WARN_INT_CONVERSION = YES;
				CLANG_WARN_NON_LITERAL_NULL_CONVERSION = YES;
				CLANG_WARN_OBJC_IMPLICIT_RETAIN_SELF = YES;
				CLANG_WARN_OBJC_LITERAL_CONVERSION = YES;
				CLANG_WARN_OBJC_ROOT_CLASS = YES_ERROR;
				CLANG_WARN_QUOTED_INCLUDE_IN_FRAMEWORK_HEADER = YES;
				CLANG_WARN_RANGE_LOOP_ANALYSIS = YES;
				CLANG_WARN_STRICT_PROTOTYPES = YES;
				CLANG_WARN_SUSPICIOUS_MOVE = YES;
				CLANG_WARN_UNGUARDED_AVAILABILITY = YES_AGGRESSIVE;
				CLANG_WARN_UNREACHABLE_CODE = YES;
				CLANG_WARN__DUPLICATE_METHOD_MATCH = YES;
				COPY_PHASE_STRIP = NO;
				DEBUG_INFORMATION_FORMAT = dwarf;
				ENABLE_STRICT_OBJC_MSGSEND = YES;
				ENABLE_TESTABILITY = YES;
				GCC_C_LANGUAGE_STANDARD = gnu11;
				GCC_DYNAMIC_NO_PIC = NO;
				GCC_NO_COMMON_BLOCKS = YES;
				GCC_OPTIMIZATION_LEVEL = 0;
				GCC_PREPROCESSOR_DEFINITIONS = (
					"DEBUG=1",
					"$(inherited)",
				);
				GCC_WARN_64_TO_32_BIT_CONVERSION = YES;
				GCC_WARN_ABOUT_RETURN_TYPE = YES_ERROR;
				GCC_WARN_UNDECLARED_SELECTOR = YES;
				GCC_WARN_UNINITIALIZED_AUTOS = YES_AGGRESSIVE;
				GCC_WARN_UNUSED_FUNCTION = YES;
				GCC_WARN_UNUSED_VARIABLE = YES;
				MACOSX_DEPLOYMENT_TARGET = 14.0;
				MTL_ENABLE_DEBUG_INFO = INCLUDE_SOURCE;
				MTL_FAST_MATH = YES;
				ONLY_ACTIVE_ARCH = YES;
				PRODUCT_NAME = "$(TARGET_NAME)";
				SWIFT_ACTIVE_COMPILATION_CONDITIONS = DEBUG;
				SWIFT_OPTIMIZATION_LEVEL = "-Onone";
				SWIFT_VERSION = 5.0;
			};
			name = Debug;
		};
/* End XCBuildConfiguration section */

/* Begin XCConfigurationList section */
		53667F70F6D7762E05E6B2CC /* Build configuration list for PBXNativeTarget "copyWorld" */ = {
			isa = XCConfigurationList;
			buildConfigurations = (
				83AFB6F15D9E2124F5F7E920 /* Release */,
				8792248C79492C6C3420DA5A /* Debug */,
			);
			defaultConfigurationIsVisible = 0;
			defaultConfigurationName = Release;
		};
		7686AC0B794666392F24337F /* Build configuration list for PBXNativeTarget "copyWorldTests" */ = {
			isa = XCConfigurationList;
			buildConfigurations = (
				3EBB2F4EDBF0701C629AD61D /* Release */,
				7C2D1B4B94499C764A34FC35 /* Debug */,
			);
			defaultConfigurationIsVisible = 0;
			defaultConfigurationName = Release;
		};
		C82FB6EF61DAD58E6D7826CA /* Build configuration list for PBXProject "copyWorld" */ = {
			isa = XCConfigurationList;
			buildConfigurations = (
				C3F1C2253D57D688414C54AA /* Debug */,
				02E9D7119C9E4E92837A2569 /* Release */,
			);
			defaultConfigurationIsVisible = 0;
			defaultConfigurationName = Release;
		};
/* End XCConfigurationList section */
	};
	rootObject = B686EA12D72029EE430B04FE /* Project object */;
}
